Microsoft Visual Studio Solution File, Format Version 12.00
# Visual Studio Version 17
VisualStudioVersion = 17.5.2.0
MinimumVisualStudioVersion = 10.0.40219.1
Project("{2150E333-8FDC-42A3-9474-1A3956D46DE8}") = "src", "src", "{827E0CD3-B72D-47B6-A68D-7590B98EB39B}"
EndProject
Project("{2150E333-8FDC-42A3-9474-1A3956D46DE8}") = "main-bot", "main-bot", "{4FCDFDB7-A417-3C3F-0910-8A045F02A9B3}"
EndProject
Project("{FAE04EC0-301F-11D3-BF4B-00C04F79EFBC}") = "Corners", "src\main-bot\Corners\Corners.csproj", "{3BC4BE4F-DD34-607C-6BC1-91188A98B06D}"
EndProject
Project("{FAE04EC0-301F-11D3-BF4B-00C04F79EFBC}") = "Crazy", "src\main-bot\Crazy\Crazy.csproj", "{564EF228-0EEB-5839-CC0B-0BE999530459}"
EndProject
Project("{FAE04EC0-301F-11D3-BF4B-00C04F79EFBC}") = "Fire", "src\main-bot\Fire\Fire.csproj", "{BA177B10-5F3A-EC89-D84B-7269014F8729}"
EndProject
Project("{FAE04EC0-301F-11D3-BF4B-00C04F79EFBC}") = "MyFirstBot", "src\main-bot\MyFirstBot\MyFirstBot.csproj", "{DC8644B0-B0C2-A2FC-CE19-9B83EE03619B}"
EndProject
Project("{FAE04EC0-301F-11D3-BF4B-00C04F79EFBC}") = "MyFirstDroid", "src\main-bot\MyFirstDroid\MyFirstDroid.csproj", "{141BF5CE-6F47-AF17-99CE-32A24272534C}"
EndProject
Project("{FAE04EC0-301F-11D3-BF4B-00C04F79EFBC}") = "MyFirstLeader", "src\main-bot\MyFirstLeader\MyFirstLeader.csproj", "{5481461C-93CA-DAA8-76F1-3AB4D282D76E}"
EndProject
Project("{FAE04EC0-301F-11D3-BF4B-00C04F79EFBC}") = "PaintingBot", "src\main-bot\PaintingBot\PaintingBot.csproj", "{DC2146AE-8DB9-CC35-E857-B3784A16DB4D}"
EndProject
Project("{FAE04EC0-301F-11D3-BF4B-00C04F79EFBC}") = "RamFire", "src\main-bot\RamFire\RamFire.csproj", "{15C70416-AE86-67FB-6E47-1185A21763C6}"
EndProject
Project("{FAE04EC0-301F-11D3-BF4B-00C04F79EFBC}") = "SpinBot", "src\main-bot\SpinBot\SpinBot.csproj", "{159BC140-2109-537A-A375-B49E58EAE3CF}"
EndProject
Project("{FAE04EC0-301F-11D3-BF4B-00C04F79EFBC}") = "Target", "src\main-bot\Target\Target.csproj", "{BA4D150A-974A-7054-7C96-7195763C0AD9}"
EndProject
Project("{FAE04EC0-301F-11D3-BF4B-00C04F79EFBC}") = "TrackFire", "src\main-bot\TrackFire\TrackFire.csproj", "{38557FF7-CC72-89AB-6F56-8CA017711628}"
EndProject
Project("{FAE04EC0-301F-11D3-BF4B-00C04F79EFBC}") = "VelocityBot", "src\main-bot\VelocityBot\VelocityBot.csproj", "{41E87907-310D-7449-C6CD-4F1A1D9EBCBE}"
EndProject
Project("{FAE04EC0-301F-11D3-BF4B-00C04F79EFBC}") = "Walls", "src\main-bot\Walls\Walls.csproj", "{B1721E91-9C38-BA27-3E84-94A522EAAB8E}"
EndProject
Global
	GlobalSection(SolutionConfigurationPlatforms) = preSolution
		Debug|Any CPU = Debug|Any CPU
		Release|Any CPU = Release|Any CPU
	EndGlobalSection
	GlobalSection(ProjectConfigurationPlatforms) = postSolution
		{3BC4BE4F-DD34-607C-6BC1-91188A98B06D}.Debug|Any CPU.ActiveCfg = Debug|Any CPU
		{3BC4BE4F-DD34-607C-6BC1-91188A98B06D}.Debug|Any CPU.Build.0 = Debug|Any CPU
		{3BC4BE4F-DD34-607C-6BC1-91188A98B06D}.Release|Any CPU.ActiveCfg = Release|Any CPU
		{3BC4BE4F-DD34-607C-6BC1-91188A98B06D}.Release|Any CPU.Build.0 = Release|Any CPU
		{564EF228-0EEB-5839-CC0B-0BE999530459}.Debug|Any CPU.ActiveCfg = Debug|Any CPU
		{564EF228-0EEB-5839-CC0B-0BE999530459}.Debug|Any CPU.Build.0 = Debug|Any CPU
		{564EF228-0EEB-5839-CC0B-0BE999530459}.Release|Any CPU.ActiveCfg = Release|Any CPU
		{564EF228-0EEB-5839-CC0B-0BE999530459}.Release|Any CPU.Build.0 = Release|Any CPU
		{BA177B10-5F3A-EC89-D84B-7269014F8729}.Debug|Any CPU.ActiveCfg = Debug|Any CPU
		{BA177B10-5F3A-EC89-D84B-7269014F8729}.Debug|Any CPU.Build.0 = Debug|Any CPU
		{BA177B10-5F3A-EC89-D84B-7269014F8729}.Release|Any CPU.ActiveCfg = Release|Any CPU
		{BA177B10-5F3A-EC89-D84B-7269014F8729}.Release|Any CPU.Build.0 = Release|Any CPU
		{DC8644B0-B0C2-A2FC-CE19-9B83EE03619B}.Debug|Any CPU.ActiveCfg = Debug|Any CPU
		{DC8644B0-B0C2-A2FC-CE19-9B83EE03619B}.Debug|Any CPU.Build.0 = Debug|Any CPU
		{DC8644B0-B0C2-A2FC-CE19-9B83EE03619B}.Release|Any CPU.ActiveCfg = Release|Any CPU
		{DC8644B0-B0C2-A2FC-CE19-9B83EE03619B}.Release|Any CPU.Build.0 = Release|Any CPU
		{141BF5CE-6F47-AF17-99CE-32A24272534C}.Debug|Any CPU.ActiveCfg = Debug|Any CPU
		{141BF5CE-6F47-AF17-99CE-32A24272534C}.Debug|Any CPU.Build.0 = Debug|Any CPU
		{141BF5CE-6F47-AF17-99CE-32A24272534C}.Release|Any CPU.ActiveCfg = Release|Any CPU
		{141BF5CE-6F47-AF17-99CE-32A24272534C}.Release|Any CPU.Build.0 = Release|Any CPU
		{5481461C-93CA-DAA8-76F1-3AB4D282D76E}.Debug|Any CPU.ActiveCfg = Debug|Any CPU
		{5481461C-93CA-DAA8-76F1-3AB4D282D76E}.Debug|Any CPU.Build.0 = Debug|Any CPU
		{5481461C-93CA-DAA8-76F1-3AB4D282D76E}.Release|Any CPU.ActiveCfg = Release|Any CPU
		{5481461C-93CA-DAA8-76F1-3AB4D282D76E}.Release|Any CPU.Build.0 = Release|Any CPU
		{DC2146AE-8DB9-CC35-E857-B3784A16DB4D}.Debug|Any CPU.ActiveCfg = Debug|Any CPU
		{DC2146AE-8DB9-CC35-E857-B3784A16DB4D}.Debug|Any CPU.Build.0 = Debug|Any CPU
		{DC2146AE-8DB9-CC35-E857-B3784A16DB4D}.Release|Any CPU.ActiveCfg = Release|Any CPU
		{DC2146AE-8DB9-CC35-E857-B3784A16DB4D}.Release|Any CPU.Build.0 = Release|Any CPU
		{15C70416-AE86-67FB-6E47-1185A21763C6}.Debug|Any CPU.ActiveCfg = Debug|Any CPU
		{15C70416-AE86-67FB-6E47-1185A21763C6}.Debug|Any CPU.Build.0 = Debug|Any CPU
		{15C70416-AE86-67FB-6E47-1185A21763C6}.Release|Any CPU.ActiveCfg = Release|Any CPU
		{15C70416-AE86-67FB-6E47-1185A21763C6}.Release|Any CPU.Build.0 = Release|Any CPU
		{159BC140-2109-537A-A375-B49E58EAE3CF}.Debug|Any CPU.ActiveCfg = Debug|Any CPU
		{159BC140-2109-537A-A375-B49E58EAE3CF}.Debug|Any CPU.Build.0 = Debug|Any CPU
		{159BC140-2109-537A-A375-B49E58EAE3CF}.Release|Any CPU.ActiveCfg = Release|Any CPU
		{159BC140-2109-537A-A375-B49E58EAE3CF}.Release|Any CPU.Build.0 = Release|Any CPU
		{BA4D150A-974A-7054-7C96-7195763C0AD9}.Debug|Any CPU.ActiveCfg = Debug|Any CPU
		{BA4D150A-974A-7054-7C96-7195763C0AD9}.Debug|Any CPU.Build.0 = Debug|Any CPU
		{BA4D150A-974A-7054-7C96-7195763C0AD9}.Release|Any CPU.ActiveCfg = Release|Any CPU
		{BA4D150A-974A-7054-7C96-7195763C0AD9}.Release|Any CPU.Build.0 = Release|Any CPU
		{38557FF7-CC72-89AB-6F56-8CA017711628}.Debug|Any CPU.ActiveCfg = Debug|Any CPU
		{38557FF7-CC72-89AB-6F56-8CA017711628}.Debug|Any CPU.Build.0 = Debug|Any CPU
		{38557FF7-CC72-89AB-6F56-8CA017711628}.Release|Any CPU.ActiveCfg = Release|Any CPU
		{38557FF7-CC72-89AB-6F56-8CA017711628}.Release|Any CPU.Build.0 = Release|Any CPU
		{41E87907-310D-7449-C6CD-4F1A1D9EBCBE}.Debug|Any CPU.ActiveCfg = Debug|Any CPU
		{41E87907-310D-7449-C6CD-4F1A1D9EBCBE}.Debug|Any CPU.Build.0 = Debug|Any CPU
		{41E87907-310D-7449-C6CD-4F1A1D9EBCBE}.Release|Any CPU.ActiveCfg = Release|Any CPU
		{41E87907-310D-7449-C6CD-4F1A1D9EBCBE}.Release|Any CPU.Build.0 = Release|Any CPU
		{B1721E91-9C38-BA27-3E84-94A522EAAB8E}.Debug|Any CPU.ActiveCfg = Debug|Any CPU
		{B1721E91-9C38-BA27-3E84-94A522EAAB8E}.Debug|Any CPU.Build.0 = Debug|Any CPU
		{B1721E91-9C38-BA27-3E84-94A522EAAB8E}.Release|Any CPU.ActiveCfg = Release|Any CPU
		{B1721E91-9C38-BA27-3E84-94A522EAAB8E}.Release|Any CPU.Build.0 = Release|Any CPU
	EndGlobalSection
	GlobalSection(SolutionProperties) = preSolution
		HideSolutionNode = FALSE
	EndGlobalSection
	GlobalSection(NestedProjects) = preSolution
		{4FCDFDB7-A417-3C3F-0910-8A045F02A9B3} = {827E0CD3-B72D-47B6-A68D-7590B98EB39B}
		{3BC4BE4F-DD34-607C-6BC1-91188A98B06D} = {4FCDFDB7-A417-3C3F-0910-8A045F02A9B3}
		{564EF228-0EEB-5839-CC0B-0BE999530459} = {4FCDFDB7-A417-3C3F-0910-8A045F02A9B3}
		{BA177B10-5F3A-EC89-D84B-7269014F8729} = {4FCDFDB7-A417-3C3F-0910-8A045F02A9B3}
		{DC8644B0-B0C2-A2FC-CE19-9B83EE03619B} = {4FCDFDB7-A417-3C3F-0910-8A045F02A9B3}
		{141BF5CE-6F47-AF17-99CE-32A24272534C} = {4FCDFDB7-A417-3C3F-0910-8A045F02A9B3}
		{5481461C-93CA-DAA8-76F1-3AB4D282D76E} = {4FCDFDB7-A417-3C3F-0910-8A045F02A9B3}
		{DC2146AE-8DB9-CC35-E857-B3784A16DB4D} = {4FCDFDB7-A417-3C3F-0910-8A045F02A9B3}
		{15C70416-AE86-67FB-6E47-1185A21763C6} = {4FCDFDB7-A417-3C3F-0910-8A045F02A9B3}
		{159BC140-2109-537A-A375-B49E58EAE3CF} = {4FCDFDB7-A417-3C3F-0910-8A045F02A9B3}
		{BA4D150A-974A-7054-7C96-7195763C0AD9} = {4FCDFDB7-A417-3C3F-0910-8A045F02A9B3}
		{38557FF7-CC72-89AB-6F56-8CA017711628} = {4FCDFDB7-A417-3C3F-0910-8A045F02A9B3}
		{41E87907-310D-7449-C6CD-4F1A1D9EBCBE} = {4FCDFDB7-A417-3C3F-0910-8A045F02A9B3}
		{B1721E91-9C38-BA27-3E84-94A522EAAB8E} = {4FCDFDB7-A417-3C3F-0910-8A045F02A9B3}
	EndGlobalSection
	GlobalSection(ExtensibilityGlobals) = postSolution
		SolutionGuid = {F4C39D3A-5C42-419D-A1A8-754D9DB3F055}
	EndGlobalSection
EndGlobal
